
Microsoft Visual Studio Solution File, Format Version 12.00
# Visual Studio 15
VisualStudioVersion = 15.0.27004.2008
MinimumVisualStudioVersion = 10.0.40219.1
Project("{FAE04EC0-301F-11D3-BF4B-00C04F79EFBC}") = "GroupByExtensions", "GroupByExtensions\GroupByExtensions.csproj", "{BE4BE251-F6EF-4347-9C5A-0CAE5A6EECBB}"
EndProject
Global
	GlobalSection(SolutionConfigurationPlatforms) = preSolution
		Debug|Any CPU = Debug|Any CPU
		Release|Any CPU = Release|Any CPU
	EndGlobalSection
	GlobalSection(ProjectConfigurationPlatforms) = postSolution
		{BE4BE251-F6EF-4347-9C5A-0CAE5A6EECBB}.Debug|Any CPU.ActiveCfg = Debug|Any CPU
		{BE4BE251-F6EF-4347-9C5A-0CAE5A6EECBB}.Debug|Any CPU.Build.0 = Debug|Any CPU
		{BE4BE251-F6EF-4347-9C5A-0CAE5A6EECBB}.Release|Any CPU.ActiveCfg = Release|Any CPU
		{BE4BE251-F6EF-4347-9C5A-0CAE5A6EECBB}.Release|Any CPU.Build.0 = Release|Any CPU
	EndGlobalSection
	GlobalSection(SolutionProperties) = preSolution
		HideSolutionNode = FALSE
	EndGlobalSection
	GlobalSection(ExtensibilityGlobals) = postSolution
		SolutionGuid = {62503C1D-C90D-437E-A41E-D2A144A0D83B}
	EndGlobalSection
EndGlobal
